PODS:
  - SmartVideo (1.13.7):
    - WebRTC-lib
  - WebRTC-lib (104.0.0)

DEPENDENCIES:
  - SmartVideo (from `https://github.com/VideoEngager/SmartVideo-iOS-SDK`, branch `development`)
  - WebRTC-lib (~> 104.0.0)

SPEC REPOS:
  trunk:
    - WebRTC-lib

EXTERNAL SOURCES:
  SmartVideo:
    :branch: development
    :git: https://github.com/VideoEngager/SmartVideo-iOS-SDK

CHECKOUT OPTIONS:
  SmartVideo:
    :commit: 75811a0607c7ef880561f4b7da4cf8620b7dc6bd
    :git: https://github.com/VideoEngager/SmartVideo-iOS-SDK

SPEC CHECKSUMS:
  SmartVideo: 1097f7d97bf6400ac93c4ad00b7c41330b2a3ab3
  WebRTC-lib: 6c387d63a8d649e8171f548a67b740127cc299b3

PODFILE CHECKSUM: 0e8c8d85808270b08fbcf869adec1059c019e69c

COCOAPODS: 1.11.3
